{
  "name": "manfred",
  "version": "0.1.0",
  "lockfileVersion": 3,
  "requires": true,
  "packages": {
    "": {
      "name": "manfred",
      "version": "0.1.0",
      "workspaces": [
        "packages/*"
      ],
      "engines": {
        "node": ">=20"
      }
    },
    "node_modules/@manfred/notion-cli": {
      "resolved": "packages/notion-cli",
      "link": true
    },
    "node_modules/@manfred/notion-core": {
      "resolved": "packages/notion-core",
      "link": true
    },
    "packages/notion-cli": {
      "name": "@manfred/notion-cli",
      "version": "0.1.0",
      "dependencies": {
        "@manfred/notion-core": "0.1.0"
      },
      "bin": {
        "notion": "bin/notion.js"
      }
    },
    "packages/notion-core": {
      "name": "@manfred/notion-core",
      "version": "0.1.0"
    }
  }
}
